
Microsoft Visual Studio Solution File, Format Version 12.00
# Visual Studio Version 16
VisualStudioVersion = 16.0.29102.190
MinimumVisualStudioVersion = 10.0.40219.1
Project("{FAE04EC0-301F-11D3-BF4B-00C04F79EFBC}") = "BusMeApp", "BusMeApp.csproj", "{D607D9FC-43A1-450F-89E6-DA65FE3AC22C}"
EndProject
Global
	GlobalSection(SolutionConfigurationPlatforms) = preSolution
		Debug|Any CPU = Debug|Any CPU
		Release|Any CPU = Release|Any CPU
	EndGlobalSection
	GlobalSection(ProjectConfigurationPlatforms) = postSolution
		{D607D9FC-43A1-450F-89E6-DA65FE3AC22C}.Debug|Any CPU.ActiveCfg = Debug|Any CPU
		{D607D9FC-43A1-450F-89E6-DA65FE3AC22C}.Debug|Any CPU.Build.0 = Debug|Any CPU
		{D607D9FC-43A1-450F-89E6-DA65FE3AC22C}.Release|Any CPU.ActiveCfg = Release|Any CPU
		{D607D9FC-43A1-450F-89E6-DA65FE3AC22C}.Release|Any CPU.Build.0 = Release|Any CPU
	EndGlobalSection
	GlobalSection(SolutionProperties) = preSolution
		HideSolutionNode = FALSE
	EndGlobalSection
	GlobalSection(ExtensibilityGlobals) = postSolution
		SolutionGuid = {21B3AD48-D221-47F1-B60C-5F745C1BA188}
	EndGlobalSection
EndGlobal
